Microsoft Visual Studio Solution File, Format Version 12.00
# Visual Studio Version 17
VisualStudioVersion = 17.5.2.0
MinimumVisualStudioVersion = 10.0.40219.1
Project("{FAE04EC0-301F-11D3-BF4B-00C04F79EFBC}") = "dataforPresentationInC#", "dataforPresentationInC#.csproj", "{E2F837F4-C222-2D19-D727-D8C5F46977AC}"
EndProject
Global
	GlobalSection(SolutionConfigurationPlatforms) = preSolution
		Debug|Any CPU = Debug|Any CPU
		Release|Any CPU = Release|Any CPU
	EndGlobalSection
	GlobalSection(ProjectConfigurationPlatforms) = postSolution
		{E2F837F4-C222-2D19-D727-D8C5F46977AC}.Debug|Any CPU.ActiveCfg = Debug|Any CPU
		{E2F837F4-C222-2D19-D727-D8C5F46977AC}.Debug|Any CPU.Build.0 = Debug|Any CPU
		{E2F837F4-C222-2D19-D727-D8C5F46977AC}.Release|Any CPU.ActiveCfg = Release|Any CPU
		{E2F837F4-C222-2D19-D727-D8C5F46977AC}.Release|Any CPU.Build.0 = Release|Any CPU
	EndGlobalSection
	GlobalSection(SolutionProperties) = preSolution
		HideSolutionNode = FALSE
	EndGlobalSection
	GlobalSection(ExtensibilityGlobals) = postSolution
		SolutionGuid = {BFDBABF5-263B-4674-8CB2-452E0500527D}
	EndGlobalSection
EndGlobal
